Microsoft Visual Studio Solution File, Format Version 12.00
# Visual Studio Version 17
VisualStudioVersion = 17.5.2.0
MinimumVisualStudioVersion = 10.0.40219.1
Project("{FAE04EC0-301F-11D3-BF4B-00C04F79EFBC}") = "Inventory.API", "Inventory.API.csproj", "{FE4F3562-4DAE-8095-E64F-737D0B220974}"
EndProject
Global
	GlobalSection(SolutionConfigurationPlatforms) = preSolution
		Debug|Any CPU = Debug|Any CPU
		Release|Any CPU = Release|Any CPU
	EndGlobalSection
	GlobalSection(ProjectConfigurationPlatforms) = postSolution
		{FE4F3562-4DAE-8095-E64F-737D0B220974}.Debug|Any CPU.ActiveCfg = Debug|Any CPU
		{FE4F3562-4DAE-8095-E64F-737D0B220974}.Debug|Any CPU.Build.0 = Debug|Any CPU
		{FE4F3562-4DAE-8095-E64F-737D0B220974}.Release|Any CPU.ActiveCfg = Release|Any CPU
		{FE4F3562-4DAE-8095-E64F-737D0B220974}.Release|Any CPU.Build.0 = Release|Any CPU
	EndGlobalSection
	GlobalSection(SolutionProperties) = preSolution
		HideSolutionNode = FALSE
	EndGlobalSection
	GlobalSection(ExtensibilityGlobals) = postSolution
		SolutionGuid = {1A9A6CB8-0C39-4CB3-AE79-1F16474F6D0B}
	EndGlobalSection
EndGlobal
